
Microsoft Visual Studio Solution File, Format Version 12.00
# Visual Studio 15
VisualStudioVersion = 15.0.28307.489
MinimumVisualStudioVersion = 10.0.40219.1
Project("{FAE04EC0-301F-11D3-BF4B-00C04F79EFBC}") = "Automacao_xUnit", "Automacao_xUnit\Automacao_xUnit.csproj", "{89D5A4A0-4A51-452D-916E-984DE1F200AF}"
EndProject
Global
	GlobalSection(SolutionConfigurationPlatforms) = preSolution
		Debug|Any CPU = Debug|Any CPU
		Release|Any CPU = Release|Any CPU
	EndGlobalSection
	GlobalSection(ProjectConfigurationPlatforms) = postSolution
		{89D5A4A0-4A51-452D-916E-984DE1F200AF}.Debug|Any CPU.ActiveCfg = Debug|Any CPU
		{89D5A4A0-4A51-452D-916E-984DE1F200AF}.Debug|Any CPU.Build.0 = Debug|Any CPU
		{89D5A4A0-4A51-452D-916E-984DE1F200AF}.Release|Any CPU.ActiveCfg = Release|Any CPU
		{89D5A4A0-4A51-452D-916E-984DE1F200AF}.Release|Any CPU.Build.0 = Release|Any CPU
	EndGlobalSection
	GlobalSection(SolutionProperties) = preSolution
		HideSolutionNode = FALSE
	EndGlobalSection
	GlobalSection(ExtensibilityGlobals) = postSolution
		SolutionGuid = {A92AACD4-DF98-4B7A-83CE-FB72725062F0}
	EndGlobalSection
EndGlobal
